PODS:
  - Alamofire (4.8.2)
  - Bagel (1.3.2):
    - CocoaAsyncSocket
  - CocoaAsyncSocket (7.6.3)
  - Gallery (2.2.0)
  - Hero (1.4.0)
  - IQKeyboardManagerSwift (6.4.0)
  - Kingfisher (5.7.0)
  - NVActivityIndicatorView (4.7.0):
    - NVActivityIndicatorView/Presenter (= 4.7.0)
  - NVActivityIndicatorView/Presenter (4.7.0)
  - SwiftyJSON (5.0.0)

DEPENDENCIES:
  - Alamofire
  - Bagel (~> 1.3.2)
  - Gallery
  - Hero
  - IQKeyboardManagerSwift
  - Kingfisher (~> 5.0)
  - NVActivityIndicatorView
  - SwiftyJSON

SPEC REPOS:
  https://github.com/cocoapods/specs.git:
    - Alamofire
    - Bagel
    - CocoaAsyncSocket
    - Gallery
    - Hero
    - IQKeyboardManagerSwift
    - Kingfisher
    - NVActivityIndicatorView
    - SwiftyJSON

SPEC CHECKSUMS:
  Alamofire: ae5c501addb7afdbb13687d7f2f722c78734c2d3
  Bagel: 199e0105ac694d6eee9db54dd006c940da6ce81b
  CocoaAsyncSocket: eafaa68a7e0ec99ead0a7b35015e0bf25d2c8987
  Gallery: 3f4c780c4b22906d6b0a5e55d12167cdc4b4fc5b
  Hero: bac92350d7201a1a940003e0767c7b52ce7c99a1
  IQKeyboardManagerSwift: ed9b04ee0e3067ffba543283462d619f944b05e5
  Kingfisher: c7d211b54f1f30d8060aadab177d52b4349c825b
  NVActivityIndicatorView: b19ddab2576f805cbe0fb2306cba3476e09a1dea
  SwiftyJSON: 36413e04c44ee145039d332b4f4e2d3e8d6c4db7

PODFILE CHECKSUM: 20d8554bdf0a0dd34b5e604a3ad5b1df453947ca

COCOAPODS: 1.7.5
