// !$*UTF8*$!
{
	archiveVersion = 1;
	classes = {
	};
	objectVersion = 51;
	objects = {

/* Begin PBXBuildFile section */
		0D70ADC723281A5100E75B99 /* Sofia Pro Medium Italic.otf in Resources */ = {isa = PBXBuildFile; fileRef = 0D70ADB723281A4F00E75B99 /* Sofia Pro Medium Italic.otf */; };
		0D70ADC823281A5100E75B99 /* Sofia Pro Semi Bold Italic.otf in Resources */ = {isa = PBXBuildFile; fileRef = 0D70ADB823281A5000E75B99 /* Sofia Pro Semi Bold Italic.otf */; };
		0D70ADC923281A5100E75B99 /* Sofia Pro Regular Italic.otf in Resources */ = {isa = PBXBuildFile; fileRef = 0D70ADB923281A5000E75B99 /* Sofia Pro Regular Italic.otf */; };
		0D70ADCA23281A5100E75B99 /* Sofia Pro Regular.otf in Resources */ = {isa = PBXBuildFile; fileRef = 0D70ADBA23281A5000E75B99 /* Sofia Pro Regular.otf */; };
		0D70ADCB23281A5100E75B99 /* Sofia Pro ExtraLight.otf in Resources */ = {isa = PBXBuildFile; fileRef = 0D70ADBB23281A5000E75B99 /* Sofia Pro ExtraLight.otf */; };
		0D70ADCC23281A5100E75B99 /* Sofia Pro Semi Bold.otf in Resources */ = {isa = PBXBuildFile; fileRef = 0D70ADBC23281A5000E75B99 /* Sofia Pro Semi Bold.otf */; };
		0D70ADCD23281A5100E75B99 /* Sofia Pro Light.otf in Resources */ = {isa = PBXBuildFile; fileRef = 0D70ADBD23281A5000E75B99 /* Sofia Pro Light.otf */; };
		0D70ADCE23281A5100E75B99 /* Sofia Pro UltraLight.otf in Resources */ = {isa = PBXBuildFile; fileRef = 0D70ADBE23281A5000E75B99 /* Sofia Pro UltraLight.otf */; };
		0D70ADCF23281A5100E75B99 /* Sofia Pro Black Italic.otf in Resources */ = {isa = PBXBuildFile; fileRef = 0D70ADBF23281A5000E75B99 /* Sofia Pro Black Italic.otf */; };
		0D70ADD023281A5100E75B99 /* Sofia Pro Medium.otf in Resources */ = {isa = PBXBuildFile; fileRef = 0D70ADC023281A5000E75B99 /* Sofia Pro Medium.otf */; };
		0D70ADD123281A5100E75B99 /* Sofia Pro ExtraLight Italic.otf in Resources */ = {isa = PBXBuildFile; fileRef = 0D70ADC123281A5000E75B99 /* Sofia Pro ExtraLight Italic.otf */; };
		0D70ADD223281A5100E75B99 /* Sofia Pro Bold.otf in Resources */ = {isa = PBXBuildFile; fileRef = 0D70ADC223281A5000E75B99 /* Sofia Pro Bold.otf */; };
		0D70ADD323281A5100E75B99 /* Sofia Pro Light Italic.otf in Resources */ = {isa = PBXBuildFile; fileRef = 0D70ADC323281A5000E75B99 /* Sofia Pro Light Italic.otf */; };
		0D70ADD423281A5100E75B99 /* Sofia Pro Bold Italic.otf in Resources */ = {isa = PBXBuildFile; fileRef = 0D70ADC423281A5100E75B99 /* Sofia Pro Bold Italic.otf */; };
		0D70ADD523281A5100E75B99 /* Sofia Pro UltraLight Italic.otf in Resources */ = {isa = PBXBuildFile; fileRef = 0D70ADC523281A5100E75B99 /* Sofia Pro UltraLight Italic.otf */; };
		0D70ADD623281A5100E75B99 /* Sofia Pro Black.otf in Resources */ = {isa = PBXBuildFile; fileRef = 0D70ADC623281A5100E75B99 /* Sofia Pro Black.otf */; };
		247CED0AB36118BA9B83848F /* Pods_Stress_To_Joy.framework in Frameworks */ = {isa = PBXBuildFile; fileRef = 695AE2DCA34CB1AE99C65043 /* Pods_Stress_To_Joy.framework */; };
		A5D245992310693E009387F2 /* GoogleService-Info.plist in Resources */ = {isa = PBXBuildFile; fileRef = A5D245982310693E009387F2 /* GoogleService-Info.plist */; };
		A5D2459B231195C6009387F2 /* AppStateManager.swift in Sources */ = {isa = PBXBuildFile; fileRef = A5D2459A231195C6009387F2 /* AppStateManager.swift */; };
		A5D2459D2311AD31009387F2 /* Date_Extension.swift in Sources */ = {isa = PBXBuildFile; fileRef = A5D2459C2311AD31009387F2 /* Date_Extension.swift */; };
		C87BA6FB22E22BD3004821A4 /* Extentions.swift in Sources */ = {isa = PBXBuildFile; fileRef = C87BA6FA22E22BD3004821A4 /* Extentions.swift */; };
		C884E39D22E22FD500F178AA /* ProfileViewController.swift in Sources */ = {isa = PBXBuildFile; fileRef = C884E39C22E22FD500F178AA /* ProfileViewController.swift */; };
		C8920D2A22D9D49700190B09 /* SignInViewController.swift in Sources */ = {isa = PBXBuildFile; fileRef = C8920D2922D9D49700190B09 /* SignInViewController.swift */; };
		C8920D2C22D9D4A200190B09 /* SignupViewController.swift in Sources */ = {isa = PBXBuildFile; fileRef = C8920D2B22D9D4A200190B09 /* SignupViewController.swift */; };
		C8920D2E22D9D4AD00190B09 /* ForgotViewController.swift in Sources */ = {isa = PBXBuildFile; fileRef = C8920D2D22D9D4AD00190B09 /* ForgotViewController.swift */; };
		C8920D3022D9D9A800190B09 /* Home.storyboard in Resources */ = {isa = PBXBuildFile; fileRef = C8920D2F22D9D9A800190B09 /* Home.storyboard */; };
		C8AF113C22D9044200FFBA4F /* AppDelegate.swift in Sources */ = {isa = PBXBuildFile; fileRef = C8AF113B22D9044200FFBA4F /* AppDelegate.swift */; };
		C8AF113E22D9044200FFBA4F /* ViewController.swift in Sources */ = {isa = PBXBuildFile; fileRef = C8AF113D22D9044200FFBA4F /* ViewController.swift */; };
		C8AF114122D9044200FFBA4F /* Main.storyboard in Resources */ = {isa = PBXBuildFile; fileRef = C8AF113F22D9044200FFBA4F /* Main.storyboard */; };
		C8AF114322D9044500FFBA4F /* Assets.xcassets in Resources */ = {isa = PBXBuildFile; fileRef = C8AF114222D9044500FFBA4F /* Assets.xcassets */; };
		C8AF114622D9044500FFBA4F /* LaunchScreen.storyboard in Resources */ = {isa = PBXBuildFile; fileRef = C8AF114422D9044500FFBA4F /* LaunchScreen.storyboard */; };
		F723F87122EDA8E6006A7E63 /* BaseNavigationController.swift in Sources */ = {isa = PBXBuildFile; fileRef = F723F87022EDA8E6006A7E63 /* BaseNavigationController.swift */; };
		F723F87322EDAA87006A7E63 /* DashboardViewController.swift in Sources */ = {isa = PBXBuildFile; fileRef = F723F87222EDAA87006A7E63 /* DashboardViewController.swift */; };
		F723F89822EDC55D006A7E63 /* JournalViewController.swift in Sources */ = {isa = PBXBuildFile; fileRef = F723F89722EDC55D006A7E63 /* JournalViewController.swift */; };
		F723F89A22EDD988006A7E63 /* AddJournalViewController.swift in Sources */ = {isa = PBXBuildFile; fileRef = F723F89922EDD988006A7E63 /* AddJournalViewController.swift */; };
		F723F89C22EDE11D006A7E63 /* MindfulViewController.swift in Sources */ = {isa = PBXBuildFile; fileRef = F723F89B22EDE11D006A7E63 /* MindfulViewController.swift */; };
		F723F89E22EDE13E006A7E63 /* ProritiesViewController.swift in Sources */ = {isa = PBXBuildFile; fileRef = F723F89D22EDE13E006A7E63 /* ProritiesViewController.swift */; };
		F723F8A022EDE161006A7E63 /* AddProritiesViewController.swift in Sources */ = {isa = PBXBuildFile; fileRef = F723F89F22EDE161006A7E63 /* AddProritiesViewController.swift */; };
		F723F8A222EDE183006A7E63 /* WellnessViewController.swift in Sources */ = {isa = PBXBuildFile; fileRef = F723F8A122EDE183006A7E63 /* WellnessViewController.swift */; };
		F7B47076230F21D5009907E6 /* LoadingOverlay.swift in Sources */ = {isa = PBXBuildFile; fileRef = F7B47075230F21D5009907E6 /* LoadingOverlay.swift */; };
		F7B47078230F21E7009907E6 /* Messages.swift in Sources */ = {isa = PBXBuildFile; fileRef = F7B47077230F21E7009907E6 /* Messages.swift */; };
		F7FC722022ECF030000C533C /* CollectionView+Extension.swift in Sources */ = {isa = PBXBuildFile; fileRef = F7FC721522ECF030000C533C /* CollectionView+Extension.swift */; };
		F7FC722122ECF030000C533C /* Int+Exrtension.swift in Sources */ = {isa = PBXBuildFile; fileRef = F7FC721622ECF030000C533C /* Int+Exrtension.swift */; };
		F7FC722222ECF030000C533C /* UIColorExtension.swift in Sources */ = {isa = PBXBuildFile; fileRef = F7FC721722ECF030000C533C /* UIColorExtension.swift */; };
		F7FC722322ECF030000C533C /* TableView+Extension.swift in Sources */ = {isa = PBXBuildFile; fileRef = F7FC721822ECF030000C533C /* TableView+Extension.swift */; };
		F7FC722422ECF030000C533C /* String+Extension.swift in Sources */ = {isa = PBXBuildFile; fileRef = F7FC721922ECF030000C533C /* String+Extension.swift */; };
		F7FC722522ECF030000C533C /* Dictionary+Extension.swift in Sources */ = {isa = PBXBuildFile; fileRef = F7FC721A22ECF030000C533C /* Dictionary+Extension.swift */; };
		F7FC722622ECF030000C533C /* Button+Extension.swift in Sources */ = {isa = PBXBuildFile; fileRef = F7FC721B22ECF030000C533C /* Button+Extension.swift */; };
		F7FC722722ECF030000C533C /* Animate+Extension.swift in Sources */ = {isa = PBXBuildFile; fileRef = F7FC721C22ECF030000C533C /* Animate+Extension.swift */; };
		F7FC722822ECF030000C533C /* Image+Extension.swift in Sources */ = {isa = PBXBuildFile; fileRef = F7FC721D22ECF030000C533C /* Image+Extension.swift */; };
		F7FC722922ECF030000C533C /* ViewController+Extension.swift in Sources */ = {isa = PBXBuildFile; fileRef = F7FC721E22ECF030000C533C /* ViewController+Extension.swift */; };
		F7FC722A22ECF030000C533C /* View+Extension.swift in Sources */ = {isa = PBXBuildFile; fileRef = F7FC721F22ECF030000C533C /* View+Extension.swift */; };
		F7FC722C22ECF30A000C533C /* BaseViewController.swift in Sources */ = {isa = PBXBuildFile; fileRef = F7FC722B22ECF30A000C533C /* BaseViewController.swift */; };
/* End PBXBuildFile section */

/* Begin PBXFileReference section */
		0D70ADB723281A4F00E75B99 /* Sofia Pro Medium Italic.otf */ = {isa = PBXFileReference; lastKnownFileType = file; path = "Sofia Pro Medium Italic.otf"; sourceTree = "<group>"; };
		0D70ADB823281A5000E75B99 /* Sofia Pro Semi Bold Italic.otf */ = {isa = PBXFileReference; lastKnownFileType = file; path = "Sofia Pro Semi Bold Italic.otf"; sourceTree = "<group>"; };
		0D70ADB923281A5000E75B99 /* Sofia Pro Regular Italic.otf */ = {isa = PBXFileReference; lastKnownFileType = file; path = "Sofia Pro Regular Italic.otf"; sourceTree = "<group>"; };
		0D70ADBA23281A5000E75B99 /* Sofia Pro Regular.otf */ = {isa = PBXFileReference; lastKnownFileType = file; path = "Sofia Pro Regular.otf"; sourceTree = "<group>"; };
		0D70ADBB23281A5000E75B99 /* Sofia Pro ExtraLight.otf */ = {isa = PBXFileReference; lastKnownFileType = file; path = "Sofia Pro ExtraLight.otf"; sourceTree = "<group>"; };
		0D70ADBC23281A5000E75B99 /* Sofia Pro Semi Bold.otf */ = {isa = PBXFileReference; lastKnownFileType = file; path = "Sofia Pro Semi Bold.otf"; sourceTree = "<group>"; };
		0D70ADBD23281A5000E75B99 /* Sofia Pro Light.otf */ = {isa = PBXFileReference; lastKnownFileType = file; path = "Sofia Pro Light.otf"; sourceTree = "<group>"; };
		0D70ADBE23281A5000E75B99 /* Sofia Pro UltraLight.otf */ = {isa = PBXFileReference; lastKnownFileType = file; path = "Sofia Pro UltraLight.otf"; sourceTree = "<group>"; };
		0D70ADBF23281A5000E75B99 /* Sofia Pro Black Italic.otf */ = {isa = PBXFileReference; lastKnownFileType = file; path = "Sofia Pro Black Italic.otf"; sourceTree = "<group>"; };
		0D70ADC023281A5000E75B99 /* Sofia Pro Medium.otf */ = {isa = PBXFileReference; lastKnownFileType = file; path = "Sofia Pro Medium.otf"; sourceTree = "<group>"; };
		0D70ADC123281A5000E75B99 /* Sofia Pro ExtraLight Italic.otf */ = {isa = PBXFileReference; lastKnownFileType = file; path = "Sofia Pro ExtraLight Italic.otf"; sourceTree = "<group>"; };
		0D70ADC223281A5000E75B99 /* Sofia Pro Bold.otf */ = {isa = PBXFileReference; lastKnownFileType = file; path = "Sofia Pro Bold.otf"; sourceTree = "<group>"; };
		0D70ADC323281A5000E75B99 /* Sofia Pro Light Italic.otf */ = {isa = PBXFileReference; lastKnownFileType = file; path = "Sofia Pro Light Italic.otf"; sourceTree = "<group>"; };
		0D70ADC423281A5100E75B99 /* Sofia Pro Bold Italic.otf */ = {isa = PBXFileReference; lastKnownFileType = file; path = "Sofia Pro Bold Italic.otf"; sourceTree = "<group>"; };
		0D70ADC523281A5100E75B99 /* Sofia Pro UltraLight Italic.otf */ = {isa = PBXFileReference; lastKnownFileType = file; path = "Sofia Pro UltraLight Italic.otf"; sourceTree = "<group>"; };
		0D70ADC623281A5100E75B99 /* Sofia Pro Black.otf */ = {isa = PBXFileReference; lastKnownFileType = file; path = "Sofia Pro Black.otf"; sourceTree = "<group>"; };
		0D70ADD72328BDDA00E75B99 /* Stress To Joy.entitlements */ = {isa = PBXFileReference; lastKnownFileType = text.plist.entitlements; path = "Stress To Joy.entitlements"; sourceTree = "<group>"; };
		65AFEE0A383936F736D9C64B /* Pods-Stress To Joy.debug.xcconfig */ = {isa = PBXFileReference; includeInIndex = 1; lastKnownFileType = text.xcconfig; name = "Pods-Stress To Joy.debug.xcconfig"; path = "Target Support Files/Pods-Stress To Joy/Pods-Stress To Joy.debug.xcconfig"; sourceTree = "<group>"; };
		695AE2DCA34CB1AE99C65043 /* Pods_Stress_To_Joy.framework */ = {isa = PBXFileReference; explicitFileType = wrapper.framework; includeInIndex = 0; path = Pods_Stress_To_Joy.framework; sourceTree = BUILT_PRODUCTS_DIR; };
		A5D245982310693E009387F2 /* GoogleService-Info.plist */ = {isa = PBXFileReference; fileEncoding = 4; lastKnownFileType = text.plist.xml; path = "GoogleService-Info.plist"; sourceTree = "<group>"; };
		A5D2459A231195C6009387F2 /* AppStateManager.swift */ = {isa = PBXFileReference; lastKnownFileType = sourcecode.swift; path = AppStateManager.swift; sourceTree = "<group>"; };
		A5D2459C2311AD31009387F2 /* Date_Extension.swift */ = {isa = PBXFileReference; lastKnownFileType = sourcecode.swift; path = Date_Extension.swift; sourceTree = "<group>"; };
		B9F2AF0BEFB5411F8ED9A8D0 /* Pods-Stress To Joy.release.xcconfig */ = {isa = PBXFileReference; includeInIndex = 1; lastKnownFileType = text.xcconfig; name = "Pods-Stress To Joy.release.xcconfig"; path = "Target Support Files/Pods-Stress To Joy/Pods-Stress To Joy.release.xcconfig"; sourceTree = "<group>"; };
		C87BA6FA22E22BD3004821A4 /* Extentions.swift */ = {isa = PBXFileReference; fileEncoding = 4; lastKnownFileType = sourcecode.swift; path = Extentions.swift; sourceTree = "<group>"; };
		C884E39C22E22FD500F178AA /* ProfileViewController.swift */ = {isa = PBXFileReference; lastKnownFileType = sourcecode.swift; path = ProfileViewController.swift; sourceTree = "<group>"; };
		C8920D2922D9D49700190B09 /* SignInViewController.swift */ = {isa = PBXFileReference; lastKnownFileType = sourcecode.swift; path = SignInViewController.swift; sourceTree = "<group>"; };
		C8920D2B22D9D4A200190B09 /* SignupViewController.swift */ = {isa = PBXFileReference; lastKnownFileType = sourcecode.swift; path = SignupViewController.swift; sourceTree = "<group>"; };
		C8920D2D22D9D4AD00190B09 /* ForgotViewController.swift */ = {isa = PBXFileReference; lastKnownFileType = sourcecode.swift; path = ForgotViewController.swift; sourceTree = "<group>"; };
		C8920D2F22D9D9A800190B09 /* Home.storyboard */ = {isa = PBXFileReference; lastKnownFileType = file.storyboard; path = Home.storyboard; sourceTree = "<group>"; };
		C8AF113822D9044200FFBA4F /* Stress To Joy.app */ = {isa = PBXFileReference; explicitFileType = wrapper.application; includeInIndex = 0; path = "Stress To Joy.app"; sourceTree = BUILT_PRODUCTS_DIR; };
		C8AF113B22D9044200FFBA4F /* AppDelegate.swift */ = {isa = PBXFileReference; lastKnownFileType = sourcecode.swift; path = AppDelegate.swift; sourceTree = "<group>"; };
		C8AF113D22D9044200FFBA4F /* ViewController.swift */ = {isa = PBXFileReference; lastKnownFileType = sourcecode.swift; name = ViewController.swift; path = "../ViewController -R/ViewController.swift"; sourceTree = "<group>"; };
		C8AF114022D9044200FFBA4F /* Base */ = {isa = PBXFileReference; lastKnownFileType = file.storyboard; name = Base; path = Base.lproj/Main.storyboard; sourceTree = "<group>"; };
		C8AF114222D9044500FFBA4F /* Assets.xcassets */ = {isa = PBXFileReference; lastKnownFileType = folder.assetcatalog; path = Assets.xcassets; sourceTree = "<group>"; };
		C8AF114522D9044500FFBA4F /* Base */ = {isa = PBXFileReference; lastKnownFileType = file.storyboard; name = Base; path = Base.lproj/LaunchScreen.storyboard; sourceTree = "<group>"; };
		C8AF114722D9044500FFBA4F /* Info.plist */ = {isa = PBXFileReference; lastKnownFileType = text.plist.xml; path = Info.plist; sourceTree = "<group>"; };
		F723F87022EDA8E6006A7E63 /* BaseNavigationController.swift */ = {isa = PBXFileReference; fileEncoding = 4; lastKnownFileType = sourcecode.swift; path = BaseNavigationController.swift; sourceTree = "<group>"; };
		F723F87222EDAA87006A7E63 /* DashboardViewController.swift */ = {isa = PBXFileReference; lastKnownFileType = sourcecode.swift; path = DashboardViewController.swift; sourceTree = "<group>"; };
		F723F89722EDC55D006A7E63 /* JournalViewController.swift */ = {isa = PBXFileReference; lastKnownFileType = sourcecode.swift; path = JournalViewController.swift; sourceTree = "<group>"; };
		F723F89922EDD988006A7E63 /* AddJournalViewController.swift */ = {isa = PBXFileReference; lastKnownFileType = sourcecode.swift; path = AddJournalViewController.swift; sourceTree = "<group>"; };
		F723F89B22EDE11D006A7E63 /* MindfulViewController.swift */ = {isa = PBXFileReference; lastKnownFileType = sourcecode.swift; path = MindfulViewController.swift; sourceTree = "<group>"; };
		F723F89D22EDE13E006A7E63 /* ProritiesViewController.swift */ = {isa = PBXFileReference; lastKnownFileType = sourcecode.swift; path = ProritiesViewController.swift; sourceTree = "<group>"; };
		F723F89F22EDE161006A7E63 /* AddProritiesViewController.swift */ = {isa = PBXFileReference; lastKnownFileType = sourcecode.swift; path = AddProritiesViewController.swift; sourceTree = "<group>"; };
		F723F8A122EDE183006A7E63 /* WellnessViewController.swift */ = {isa = PBXFileReference; lastKnownFileType = sourcecode.swift; path = WellnessViewController.swift; sourceTree = "<group>"; };
		F7B47075230F21D5009907E6 /* LoadingOverlay.swift */ = {isa = PBXFileReference; fileEncoding = 4; lastKnownFileType = sourcecode.swift; path = LoadingOverlay.swift; sourceTree = "<group>"; };
		F7B47077230F21E7009907E6 /* Messages.swift */ = {isa = PBXFileReference; fileEncoding = 4; lastKnownFileType = sourcecode.swift; path = Messages.swift; sourceTree = "<group>"; };
		F7FC721522ECF030000C533C /* CollectionView+Extension.swift */ = {isa = PBXFileReference; fileEncoding = 4; lastKnownFileType = sourcecode.swift; path = "CollectionView+Extension.swift"; sourceTree = "<group>"; };
		F7FC721622ECF030000C533C /* Int+Exrtension.swift */ = {isa = PBXFileReference; fileEncoding = 4; lastKnownFileType = sourcecode.swift; path = "Int+Exrtension.swift"; sourceTree = "<group>"; };
		F7FC721722ECF030000C533C /* UIColorExtension.swift */ = {isa = PBXFileReference; fileEncoding = 4; lastKnownFileType = sourcecode.swift; path = UIColorExtension.swift; sourceTree = "<group>"; };
		F7FC721822ECF030000C533C /* TableView+Extension.swift */ = {isa = PBXFileReference; fileEncoding = 4; lastKnownFileType = sourcecode.swift; path = "TableView+Extension.swift"; sourceTree = "<group>"; };
		F7FC721922ECF030000C533C /* String+Extension.swift */ = {isa = PBXFileReference; fileEncoding = 4; lastKnownFileType = sourcecode.swift; path = "String+Extension.swift"; sourceTree = "<group>"; };
		F7FC721A22ECF030000C533C /* Dictionary+Extension.swift */ = {isa = PBXFileReference; fileEncoding = 4; lastKnownFileType = sourcecode.swift; path = "Dictionary+Extension.swift"; sourceTree = "<group>"; };
		F7FC721B22ECF030000C533C /* Button+Extension.swift */ = {isa = PBXFileReference; fileEncoding = 4; lastKnownFileType = sourcecode.swift; path = "Button+Extension.swift"; sourceTree = "<group>"; };
		F7FC721C22ECF030000C533C /* Animate+Extension.swift */ = {isa = PBXFileReference; fileEncoding = 4; lastKnownFileType = sourcecode.swift; path = "Animate+Extension.swift"; sourceTree = "<group>"; };
		F7FC721D22ECF030000C533C /* Image+Extension.swift */ = {isa = PBXFileReference; fileEncoding = 4; lastKnownFileType = sourcecode.swift; path = "Image+Extension.swift"; sourceTree = "<group>"; };
		F7FC721E22ECF030000C533C /* ViewController+Extension.swift */ = {isa = PBXFileReference; fileEncoding = 4; lastKnownFileType = sourcecode.swift; path = "ViewController+Extension.swift"; sourceTree = "<group>"; };
		F7FC721F22ECF030000C533C /* View+Extension.swift */ = {isa = PBXFileReference; fileEncoding = 4; lastKnownFileType = sourcecode.swift; path = "View+Extension.swift"; sourceTree = "<group>"; };
		F7FC722B22ECF30A000C533C /* BaseViewController.swift */ = {isa = PBXFileReference; lastKnownFileType = sourcecode.swift; path = BaseViewController.swift; sourceTree = "<group>"; };
/* End PBXFileReference section */

/* Begin PBXFrameworksBuildPhase section */
		C8AF113522D9044200FFBA4F /* Frameworks */ = {
			isa = PBXFrameworksBuildPhase;
			buildActionMask = 2147483647;
			files = (
				247CED0AB36118BA9B83848F /* Pods_Stress_To_Joy.framework in Frameworks */,
			);
			runOnlyForDeploymentPostprocessing = 0;
		};
/* End PBXFrameworksBuildPhase section */

/* Begin PBXGroup section */
		6949A49B44C428B03D01E901 /* Pods */ = {
			isa = PBXGroup;
			children = (
				65AFEE0A383936F736D9C64B /* Pods-Stress To Joy.debug.xcconfig */,
				B9F2AF0BEFB5411F8ED9A8D0 /* Pods-Stress To Joy.release.xcconfig */,
			);
			path = Pods;
			sourceTree = "<group>";
		};
		A1677E331E8D07FD1986CAD1 /* Frameworks */ = {
			isa = PBXGroup;
			children = (
				695AE2DCA34CB1AE99C65043 /* Pods_Stress_To_Joy.framework */,
			);
			name = Frameworks;
			sourceTree = "<group>";
		};
		C8920D3122D9D9AF00190B09 /* StoryBoard */ = {
			isa = PBXGroup;
			children = (
				C8AF114422D9044500FFBA4F /* LaunchScreen.storyboard */,
				C8AF113F22D9044200FFBA4F /* Main.storyboard */,
				C8920D2F22D9D9A800190B09 /* Home.storyboard */,
			);
			path = StoryBoard;
			sourceTree = "<group>";
		};
		C8AF112F22D9044200FFBA4F = {
			isa = PBXGroup;
			children = (
				C8AF113A22D9044200FFBA4F /* Stress To Joy */,
				C8AF113922D9044200FFBA4F /* Products */,
				6949A49B44C428B03D01E901 /* Pods */,
				A1677E331E8D07FD1986CAD1 /* Frameworks */,
			);
			sourceTree = "<group>";
		};
		C8AF113922D9044200FFBA4F /* Products */ = {
			isa = PBXGroup;
			children = (
				C8AF113822D9044200FFBA4F /* Stress To Joy.app */,
			);
			name = Products;
			sourceTree = "<group>";
		};
		C8AF113A22D9044200FFBA4F /* Stress To Joy */ = {
			isa = PBXGroup;
			children = (
				0D70ADD72328BDDA00E75B99 /* Stress To Joy.entitlements */,
				F7B47072230F189A009907E6 /* New Group */,
				F7FC721422ECF030000C533C /* Extensions */,
				C8AF114D22D9063D00FFBA4F /* Resources */,
				F723F89522EDAAB7006A7E63 /* ViewController -R */,
				F723F89622EDAAEF006A7E63 /* View Controllers */,
				C8920D3122D9D9AF00190B09 /* StoryBoard */,
				C8AF114222D9044500FFBA4F /* Assets.xcassets */,
				C8AF113B22D9044200FFBA4F /* AppDelegate.swift */,
				A5D245982310693E009387F2 /* GoogleService-Info.plist */,
				C8AF114722D9044500FFBA4F /* Info.plist */,
				A5D2459A231195C6009387F2 /* AppStateManager.swift */,
			);
			path = "Stress To Joy";
			sourceTree = "<group>";
		};
		C8AF114D22D9063D00FFBA4F /* Resources */ = {
			isa = PBXGroup;
			children = (
				F723F87422EDAAAD006A7E63 /* sofiapro */,
			);
			path = Resources;
			sourceTree = "<group>";
		};
		F723F87422EDAAAD006A7E63 /* sofiapro */ = {
			isa = PBXGroup;
			children = (
				0D70ADBF23281A5000E75B99 /* Sofia Pro Black Italic.otf */,
				0D70ADC623281A5100E75B99 /* Sofia Pro Black.otf */,
				0D70ADC423281A5100E75B99 /* Sofia Pro Bold Italic.otf */,
				0D70ADC223281A5000E75B99 /* Sofia Pro Bold.otf */,
				0D70ADC123281A5000E75B99 /* Sofia Pro ExtraLight Italic.otf */,
				0D70ADBB23281A5000E75B99 /* Sofia Pro ExtraLight.otf */,
				0D70ADC323281A5000E75B99 /* Sofia Pro Light Italic.otf */,
				0D70ADBD23281A5000E75B99 /* Sofia Pro Light.otf */,
				0D70ADB723281A4F00E75B99 /* Sofia Pro Medium Italic.otf */,
				0D70ADC023281A5000E75B99 /* Sofia Pro Medium.otf */,
				0D70ADB923281A5000E75B99 /* Sofia Pro Regular Italic.otf */,
				0D70ADBA23281A5000E75B99 /* Sofia Pro Regular.otf */,
				0D70ADB823281A5000E75B99 /* Sofia Pro Semi Bold Italic.otf */,
				0D70ADBC23281A5000E75B99 /* Sofia Pro Semi Bold.otf */,
				0D70ADC523281A5100E75B99 /* Sofia Pro UltraLight Italic.otf */,
				0D70ADBE23281A5000E75B99 /* Sofia Pro UltraLight.otf */,
			);
			path = sofiapro;
			sourceTree = "<group>";
		};
		F723F89522EDAAB7006A7E63 /* ViewController -R */ = {
			isa = PBXGroup;
			children = (
				C8920D2922D9D49700190B09 /* SignInViewController.swift */,
				C8920D2B22D9D4A200190B09 /* SignupViewController.swift */,
				C8920D2D22D9D4AD00190B09 /* ForgotViewController.swift */,
				C87BA6FA22E22BD3004821A4 /* Extentions.swift */,
			);
			path = "ViewController -R";
			sourceTree = "<group>";
		};
		F723F89622EDAAEF006A7E63 /* View Controllers */ = {
			isa = PBXGroup;
			children = (
				F7FC722B22ECF30A000C533C /* BaseViewController.swift */,
				C8AF113D22D9044200FFBA4F /* ViewController.swift */,
				F723F87222EDAA87006A7E63 /* DashboardViewController.swift */,
				F723F87022EDA8E6006A7E63 /* BaseNavigationController.swift */,
				F723F89722EDC55D006A7E63 /* JournalViewController.swift */,
				F723F89922EDD988006A7E63 /* AddJournalViewController.swift */,
				F723F89B22EDE11D006A7E63 /* MindfulViewController.swift */,
				F723F89D22EDE13E006A7E63 /* ProritiesViewController.swift */,
				F723F89F22EDE161006A7E63 /* AddProritiesViewController.swift */,
				F723F8A122EDE183006A7E63 /* WellnessViewController.swift */,
				C884E39C22E22FD500F178AA /* ProfileViewController.swift */,
			);
			path = "View Controllers";
			sourceTree = "<group>";
		};
		F7B47072230F189A009907E6 /* New Group */ = {
			isa = PBXGroup;
			children = (
				F7B47075230F21D5009907E6 /* LoadingOverlay.swift */,
				F7B47077230F21E7009907E6 /* Messages.swift */,
			);
			path = "New Group";
			sourceTree = "<group>";
		};
		F7FC721422ECF030000C533C /* Extensions */ = {
			isa = PBXGroup;
			children = (
				F7FC721522ECF030000C533C /* CollectionView+Extension.swift */,
				F7FC721622ECF030000C533C /* Int+Exrtension.swift */,
				F7FC721722ECF030000C533C /* UIColorExtension.swift */,
				F7FC721822ECF030000C533C /* TableView+Extension.swift */,
				F7FC721922ECF030000C533C /* String+Extension.swift */,
				F7FC721A22ECF030000C533C /* Dictionary+Extension.swift */,
				F7FC721B22ECF030000C533C /* Button+Extension.swift */,
				F7FC721C22ECF030000C533C /* Animate+Extension.swift */,
				F7FC721D22ECF030000C533C /* Image+Extension.swift */,
				F7FC721E22ECF030000C533C /* ViewController+Extension.swift */,
				F7FC721F22ECF030000C533C /* View+Extension.swift */,
				A5D2459C2311AD31009387F2 /* Date_Extension.swift */,
			);
			path = Extensions;
			sourceTree = "<group>";
		};
/* End PBXGroup section */

/* Begin PBXNativeTarget section */
		C8AF113722D9044200FFBA4F /* Stress To Joy */ = {
			isa = PBXNativeTarget;
			buildConfigurationList = C8AF114A22D9044500FFBA4F /* Build configuration list for PBXNativeTarget "Stress To Joy" */;
			buildPhases = (
				D419517D4950894E3B181155 /* [CP] Check Pods Manifest.lock */,
				C8AF113422D9044200FFBA4F /* Sources */,
				C8AF113522D9044200FFBA4F /* Frameworks */,
				C8AF113622D9044200FFBA4F /* Resources */,
				A309FA5C4ED9F72083D70611 /* [CP] Embed Pods Frameworks */,
			);
			buildRules = (
			);
			dependencies = (
			);
			name = "Stress To Joy";
			productName = "Stress To Joy";
			productReference = C8AF113822D9044200FFBA4F /* Stress To Joy.app */;
			productType = "com.apple.product-type.application";
		};
/* End PBXNativeTarget section */

/* Begin PBXProject section */
		C8AF113022D9044200FFBA4F /* Project object */ = {
			isa = PBXProject;
			attributes = {
				LastSwiftUpdateCheck = 1020;
				LastUpgradeCheck = 1020;
				ORGANIZATIONNAME = ZotionApps;
				TargetAttributes = {
					C8AF113722D9044200FFBA4F = {
						CreatedOnToolsVersion = 10.2;
						SystemCapabilities = {
							com.apple.Push = {
								enabled = 1;
							};
						};
					};
				};
			};
			buildConfigurationList = C8AF113322D9044200FFBA4F /* Build configuration list for PBXProject "Stress To Joy" */;
			compatibilityVersion = "Xcode 9.3";
			developmentRegion = en;
			hasScannedForEncodings = 0;
			knownRegions = (
				en,
				Base,
			);
			mainGroup = C8AF112F22D9044200FFBA4F;
			productRefGroup = C8AF113922D9044200FFBA4F /* Products */;
			projectDirPath = "";
			projectRoot = "";
			targets = (
				C8AF113722D9044200FFBA4F /* Stress To Joy */,
			);
		};
/* End PBXProject section */

/* Begin PBXResourcesBuildPhase section */
		C8AF113622D9044200FFBA4F /* Resources */ = {
			isa = PBXResourcesBuildPhase;
			buildActionMask = 2147483647;
			files = (
				0D70ADC723281A5100E75B99 /* Sofia Pro Medium Italic.otf in Resources */,
				0D70ADC823281A5100E75B99 /* Sofia Pro Semi Bold Italic.otf in Resources */,
				0D70ADD623281A5100E75B99 /* Sofia Pro Black.otf in Resources */,
				0D70ADD223281A5100E75B99 /* Sofia Pro Bold.otf in Resources */,
				0D70ADD023281A5100E75B99 /* Sofia Pro Medium.otf in Resources */,
				0D70ADCA23281A5100E75B99 /* Sofia Pro Regular.otf in Resources */,
				A5D245992310693E009387F2 /* GoogleService-Info.plist in Resources */,
				C8AF114622D9044500FFBA4F /* LaunchScreen.storyboard in Resources */,
				0D70ADD523281A5100E75B99 /* Sofia Pro UltraLight Italic.otf in Resources */,
				C8920D3022D9D9A800190B09 /* Home.storyboard in Resources */,
				0D70ADD323281A5100E75B99 /* Sofia Pro Light Italic.otf in Resources */,
				0D70ADCC23281A5100E75B99 /* Sofia Pro Semi Bold.otf in Resources */,
				0D70ADCE23281A5100E75B99 /* Sofia Pro UltraLight.otf in Resources */,
				0D70ADCB23281A5100E75B99 /* Sofia Pro ExtraLight.otf in Resources */,
				C8AF114322D9044500FFBA4F /* Assets.xcassets in Resources */,
				0D70ADD123281A5100E75B99 /* Sofia Pro ExtraLight Italic.otf in Resources */,
				0D70ADCD23281A5100E75B99 /* Sofia Pro Light.otf in Resources */,
				0D70ADC923281A5100E75B99 /* Sofia Pro Regular Italic.otf in Resources */,
				0D70ADD423281A5100E75B99 /* Sofia Pro Bold Italic.otf in Resources */,
				C8AF114122D9044200FFBA4F /* Main.storyboard in Resources */,
				0D70ADCF23281A5100E75B99 /* Sofia Pro Black Italic.otf in Resources */,
			);
			runOnlyForDeploymentPostprocessing = 0;
		};
/* End PBXResourcesBuildPhase section */

/* Begin PBXShellScriptBuildPhase section */
		A309FA5C4ED9F72083D70611 /* [CP] Embed Pods Frameworks */ = {
			isa = PBXShellScriptBuildPhase;
			buildActionMask = 2147483647;
			files = (
			);
			inputFileListPaths = (
				"${PODS_ROOT}/Target Support Files/Pods-Stress To Joy/Pods-Stress To Joy-frameworks-${CONFIGURATION}-input-files.xcfilelist",
			);
			name = "[CP] Embed Pods Frameworks";
			outputFileListPaths = (
				"${PODS_ROOT}/Target Support Files/Pods-Stress To Joy/Pods-Stress To Joy-frameworks-${CONFIGURATION}-output-files.xcfilelist",
			);
			runOnlyForDeploymentPostprocessing = 0;
			shellPath = /bin/sh;
			shellScript = "\"${PODS_ROOT}/Target Support Files/Pods-Stress To Joy/Pods-Stress To Joy-frameworks.sh\"\n";
			showEnvVarsInLog = 0;
		};
		D419517D4950894E3B181155 /* [CP] Check Pods Manifest.lock */ = {
			isa = PBXShellScriptBuildPhase;
			buildActionMask = 2147483647;
			files = (
			);
			inputFileListPaths = (
			);
			inputPaths = (
				"${PODS_PODFILE_DIR_PATH}/Podfile.lock",
				"${PODS_ROOT}/Manifest.lock",
			);
			name = "[CP] Check Pods Manifest.lock";
			outputFileListPaths = (
			);
			outputPaths = (
				"$(DERIVED_FILE_DIR)/Pods-Stress To Joy-checkManifestLockResult.txt",
			);
			runOnlyForDeploymentPostprocessing = 0;
			shellPath = /bin/sh;
			shellScript = "diff \"${PODS_PODFILE_DIR_PATH}/Podfile.lock\" \"${PODS_ROOT}/Manifest.lock\" > /dev/null\nif [ $? != 0 ] ; then\n    # print error to STDERR\n    echo \"error: The sandbox is not in sync with the Podfile.lock. Run 'pod install' or update your CocoaPods installation.\" >&2\n    exit 1\nfi\n# This output is used by Xcode 'outputs' to avoid re-running this script phase.\necho \"SUCCESS\" > \"${SCRIPT_OUTPUT_FILE_0}\"\n";
			showEnvVarsInLog = 0;
		};
/* End PBXShellScriptBuildPhase section */

/* Begin PBXSourcesBuildPhase section */
		C8AF113422D9044200FFBA4F /* Sources */ = {
			isa = PBXSourcesBuildPhase;
			buildActionMask = 2147483647;
			files = (
				F7FC722222ECF030000C533C /* UIColorExtension.swift in Sources */,
				F7FC722322ECF030000C533C /* TableView+Extension.swift in Sources */,
				F7FC722422ECF030000C533C /* String+Extension.swift in Sources */,
				F723F8A022EDE161006A7E63 /* AddProritiesViewController.swift in Sources */,
				F7FC722822ECF030000C533C /* Image+Extension.swift in Sources */,
				F7FC722722ECF030000C533C /* Animate+Extension.swift in Sources */,
				F7FC722A22ECF030000C533C /* View+Extension.swift in Sources */,
				F7FC722922ECF030000C533C /* ViewController+Extension.swift in Sources */,
				C8AF113E22D9044200FFBA4F /* ViewController.swift in Sources */,
				F7FC722122ECF030000C533C /* Int+Exrtension.swift in Sources */,
				C8AF113C22D9044200FFBA4F /* AppDelegate.swift in Sources */,
				F7FC722C22ECF30A000C533C /* BaseViewController.swift in Sources */,
				F723F89A22EDD988006A7E63 /* AddJournalViewController.swift in Sources */,
				C884E39D22E22FD500F178AA /* ProfileViewController.swift in Sources */,
				F723F87322EDAA87006A7E63 /* DashboardViewController.swift in Sources */,
				A5D2459B231195C6009387F2 /* AppStateManager.swift in Sources */,
				F7B47078230F21E7009907E6 /* Messages.swift in Sources */,
				C8920D2C22D9D4A200190B09 /* SignupViewController.swift in Sources */,
				F723F89C22EDE11D006A7E63 /* MindfulViewController.swift in Sources */,
				F7B47076230F21D5009907E6 /* LoadingOverlay.swift in Sources */,
				C8920D2E22D9D4AD00190B09 /* ForgotViewController.swift in Sources */,
				F7FC722622ECF030000C533C /* Button+Extension.swift in Sources */,
				F723F8A222EDE183006A7E63 /* WellnessViewController.swift in Sources */,
				F723F89E22EDE13E006A7E63 /* ProritiesViewController.swift in Sources */,
				C8920D2A22D9D49700190B09 /* SignInViewController.swift in Sources */,
				A5D2459D2311AD31009387F2 /* Date_Extension.swift in Sources */,
				C87BA6FB22E22BD3004821A4 /* Extentions.swift in Sources */,
				F723F87122EDA8E6006A7E63 /* BaseNavigationController.swift in Sources */,
				F7FC722022ECF030000C533C /* CollectionView+Extension.swift in Sources */,
				F723F89822EDC55D006A7E63 /* JournalViewController.swift in Sources */,
				F7FC722522ECF030000C533C /* Dictionary+Extension.swift in Sources */,
			);
			runOnlyForDeploymentPostprocessing = 0;
		};
/* End PBXSourcesBuildPhase section */

/* Begin PBXVariantGroup section */
		C8AF113F22D9044200FFBA4F /* Main.storyboard */ = {
			isa = PBXVariantGroup;
			children = (
				C8AF114022D9044200FFBA4F /* Base */,
			);
			name = Main.storyboard;
			sourceTree = "<group>";
		};
		C8AF114422D9044500FFBA4F /* LaunchScreen.storyboard */ = {
			isa = PBXVariantGroup;
			children = (
				C8AF114522D9044500FFBA4F /* Base */,
			);
			name = LaunchScreen.storyboard;
			sourceTree = "<group>";
		};
/* End PBXVariantGroup section */

/* Begin XCBuildConfiguration section */
		C8AF114822D9044500FFBA4F /* Debug */ = {
			isa = XCBuildConfiguration;
			buildSettings = {
				ALWAYS_SEARCH_USER_PATHS = NO;
				CLANG_ANALYZER_NONNULL = YES;
				CLANG_ANALYZER_NUMBER_OBJECT_CONVERSION = YES_AGGRESSIVE;
				CLANG_CXX_LANGUAGE_STANDARD = "gnu++14";
				CLANG_CXX_LIBRARY = "libc++";
				CLANG_ENABLE_MODULES = YES;
				CLANG_ENABLE_OBJC_ARC = YES;
				CLANG_ENABLE_OBJC_WEAK = YES;
				CLANG_WARN_BLOCK_CAPTURE_AUTORELEASING = YES;
				CLANG_WARN_BOOL_CONVERSION = YES;
				CLANG_WARN_COMMA = YES;
				CLANG_WARN_CONSTANT_CONVERSION = YES;
				CLANG_WARN_DEPRECATED_OBJC_IMPLEMENTATIONS = YES;
				CLANG_WARN_DIRECT_OBJC_ISA_USAGE = YES_ERROR;
				CLANG_WARN_DOCUMENTATION_COMMENTS = YES;
				CLANG_WARN_EMPTY_BODY = YES;
				CLANG_WARN_ENUM_CONVERSION = YES;
				CLANG_WARN_INFINITE_RECURSION = YES;
				CLANG_WARN_INT_CONVERSION = YES;
				CLANG_WARN_NON_LITERAL_NULL_CONVERSION = YES;
				CLANG_WARN_OBJC_IMPLICIT_RETAIN_SELF = YES;
				CLANG_WARN_OBJC_LITERAL_CONVERSION = YES;
				CLANG_WARN_OBJC_ROOT_CLASS = YES_ERROR;
				CLANG_WARN_RANGE_LOOP_ANALYSIS = YES;
				CLANG_WARN_STRICT_PROTOTYPES = YES;
				CLANG_WARN_SUSPICIOUS_MOVE = YES;
				CLANG_WARN_UNGUARDED_AVAILABILITY = YES_AGGRESSIVE;
				CLANG_WARN_UNREACHABLE_CODE = YES;
				CLANG_WARN__DUPLICATE_METHOD_MATCH = YES;
				CODE_SIGN_IDENTITY = "iPhone Developer";
				COPY_PHASE_STRIP = NO;
				DEBUG_INFORMATION_FORMAT = dwarf;
				ENABLE_STRICT_OBJC_MSGSEND = YES;
				ENABLE_TESTABILITY = YES;
				GCC_C_LANGUAGE_STANDARD = gnu11;
				GCC_DYNAMIC_NO_PIC = NO;
				GCC_NO_COMMON_BLOCKS = YES;
				GCC_OPTIMIZATION_LEVEL = 0;
				GCC_PREPROCESSOR_DEFINITIONS = (
					"DEBUG=1",
					"$(inherited)",
				);
				GCC_WARN_64_TO_32_BIT_CONVERSION = YES;
				GCC_WARN_ABOUT_RETURN_TYPE = YES_ERROR;
				GCC_WARN_UNDECLARED_SELECTOR = YES;
				GCC_WARN_UNINITIALIZED_AUTOS = YES_AGGRESSIVE;
				GCC_WARN_UNUSED_FUNCTION = YES;
				GCC_WARN_UNUSED_VARIABLE = YES;
				IPHONEOS_DEPLOYMENT_TARGET = 12.2;
				MTL_ENABLE_DEBUG_INFO = INCLUDE_SOURCE;
				MTL_FAST_MATH = YES;
				ONLY_ACTIVE_ARCH = YES;
				SDKROOT = iphoneos;
				SWIFT_ACTIVE_COMPILATION_CONDITIONS = DEBUG;
				SWIFT_OPTIMIZATION_LEVEL = "-Onone";
			};
			name = Debug;
		};
		C8AF114922D9044500FFBA4F /* Release */ = {
			isa = XCBuildConfiguration;
			buildSettings = {
				ALWAYS_SEARCH_USER_PATHS = NO;
				CLANG_ANALYZER_NONNULL = YES;
				CLANG_ANALYZER_NUMBER_OBJECT_CONVERSION = YES_AGGRESSIVE;
				CLANG_CXX_LANGUAGE_STANDARD = "gnu++14";
				CLANG_CXX_LIBRARY = "libc++";
				CLANG_ENABLE_MODULES = YES;
				CLANG_ENABLE_OBJC_ARC = YES;
				CLANG_ENABLE_OBJC_WEAK = YES;
				CLANG_WARN_BLOCK_CAPTURE_AUTORELEASING = YES;
				CLANG_WARN_BOOL_CONVERSION = YES;
				CLANG_WARN_COMMA = YES;
				CLANG_WARN_CONSTANT_CONVERSION = YES;
				CLANG_WARN_DEPRECATED_OBJC_IMPLEMENTATIONS = YES;
				CLANG_WARN_DIRECT_OBJC_ISA_USAGE = YES_ERROR;
				CLANG_WARN_DOCUMENTATION_COMMENTS = YES;
				CLANG_WARN_EMPTY_BODY = YES;
				CLANG_WARN_ENUM_CONVERSION = YES;
				CLANG_WARN_INFINITE_RECURSION = YES;
				CLANG_WARN_INT_CONVERSION = YES;
				CLANG_WARN_NON_LITERAL_NULL_CONVERSION = YES;
				CLANG_WARN_OBJC_IMPLICIT_RETAIN_SELF = YES;
				CLANG_WARN_OBJC_LITERAL_CONVERSION = YES;
				CLANG_WARN_OBJC_ROOT_CLASS = YES_ERROR;
				CLANG_WARN_RANGE_LOOP_ANALYSIS = YES;
				CLANG_WARN_STRICT_PROTOTYPES = YES;
				CLANG_WARN_SUSPICIOUS_MOVE = YES;
				CLANG_WARN_UNGUARDED_AVAILABILITY = YES_AGGRESSIVE;
				CLANG_WARN_UNREACHABLE_CODE = YES;
				CLANG_WARN__DUPLICATE_METHOD_MATCH = YES;
				CODE_SIGN_IDENTITY = "iPhone Developer";
				COPY_PHASE_STRIP = NO;
				DEBUG_INFORMATION_FORMAT = "dwarf-with-dsym";
				ENABLE_NS_ASSERTIONS = NO;
				ENABLE_STRICT_OBJC_MSGSEND = YES;
				GCC_C_LANGUAGE_STANDARD = gnu11;
				GCC_NO_COMMON_BLOCKS = YES;
				GCC_WARN_64_TO_32_BIT_CONVERSION = YES;
				GCC_WARN_ABOUT_RETURN_TYPE = YES_ERROR;
				GCC_WARN_UNDECLARED_SELECTOR = YES;
				GCC_WARN_UNINITIALIZED_AUTOS = YES_AGGRESSIVE;
				GCC_WARN_UNUSED_FUNCTION = YES;
				GCC_WARN_UNUSED_VARIABLE = YES;
				IPHONEOS_DEPLOYMENT_TARGET = 12.2;
				MTL_ENABLE_DEBUG_INFO = NO;
				MTL_FAST_MATH = YES;
				SDKROOT = iphoneos;
				SWIFT_COMPILATION_MODE = wholemodule;
				SWIFT_OPTIMIZATION_LEVEL = "-O";
				VALIDATE_PRODUCT = YES;
			};
			name = Release;
		};
		C8AF114B22D9044500FFBA4F /* Debug */ = {
			isa = XCBuildConfiguration;
			baseConfigurationReference = 65AFEE0A383936F736D9C64B /* Pods-Stress To Joy.debug.xcconfig */;
			buildSettings = {
				ASSETCATALOG_COMPILER_APPICON_NAME = AppIcon;
				CODE_SIGN_ENTITLEMENTS = "Stress To Joy/Stress To Joy.entitlements";
				CODE_SIGN_IDENTITY = "iPhone Developer";
				CODE_SIGN_STYLE = Automatic;
				DEVELOPMENT_TEAM = 68Z43GCQJY;
				INFOPLIST_FILE = "Stress To Joy/Info.plist";
				IPHONEOS_DEPLOYMENT_TARGET = 11.0;
				LD_RUNPATH_SEARCH_PATHS = (
					"$(inherited)",
					"@executable_path/Frameworks",
				);
				PRODUCT_BUNDLE_IDENTIFIER = com.rozina.StressToJoy;
				PRODUCT_NAME = "$(TARGET_NAME)";
				PROVISIONING_PROFILE_SPECIFIER = "";
				SWIFT_VERSION = 5.0;
				TARGETED_DEVICE_FAMILY = 1;
			};
			name = Debug;
		};
		C8AF114C22D9044500FFBA4F /* Release */ = {
			isa = XCBuildConfiguration;
			baseConfigurationReference = B9F2AF0BEFB5411F8ED9A8D0 /* Pods-Stress To Joy.release.xcconfig */;
			buildSettings = {
				ASSETCATALOG_COMPILER_APPICON_NAME = AppIcon;
				CODE_SIGN_ENTITLEMENTS = "Stress To Joy/Stress To Joy.entitlements";
				CODE_SIGN_IDENTITY = "iPhone Developer";
				CODE_SIGN_STYLE = Automatic;
				DEVELOPMENT_TEAM = 68Z43GCQJY;
				INFOPLIST_FILE = "Stress To Joy/Info.plist";
				IPHONEOS_DEPLOYMENT_TARGET = 11.0;
				LD_RUNPATH_SEARCH_PATHS = (
					"$(inherited)",
					"@executable_path/Frameworks",
				);
				PRODUCT_BUNDLE_IDENTIFIER = com.rozina.StressToJoy;
				PRODUCT_NAME = "$(TARGET_NAME)";
				PROVISIONING_PROFILE_SPECIFIER = "";
				SWIFT_VERSION = 5.0;
				TARGETED_DEVICE_FAMILY = 1;
			};
			name = Release;
		};
/* End XCBuildConfiguration section */

/* Begin XCConfigurationList section */
		C8AF113322D9044200FFBA4F /* Build configuration list for PBXProject "Stress To Joy" */ = {
			isa = XCConfigurationList;
			buildConfigurations = (
				C8AF114822D9044500FFBA4F /* Debug */,
				C8AF114922D9044500FFBA4F /* Release */,
			);
			defaultConfigurationIsVisible = 0;
			defaultConfigurationName = Release;
		};
		C8AF114A22D9044500FFBA4F /* Build configuration list for PBXNativeTarget "Stress To Joy" */ = {
			isa = XCConfigurationList;
			buildConfigurations = (
				C8AF114B22D9044500FFBA4F /* Debug */,
				C8AF114C22D9044500FFBA4F /* Release */,
			);
			defaultConfigurationIsVisible = 0;
			defaultConfigurationName = Release;
		};
/* End XCConfigurationList section */
	};
	rootObject = C8AF113022D9044200FFBA4F /* Project object */;
}
